// !$*UTF8*$!
{
	archiveVersion = 1;
	classes = {
	};
	objectVersion = 46;
	objects = {

/* Begin PBXBuildFile section */
		43ED61341A0E6D2F00071270 /* AppDelegate.swift in Sources */ = {isa = PBXBuildFile; fileRef = 43ED61331A0E6D2F00071270 /* AppDelegate.swift */; };
		43ED61361A0E6D2F00071270 /* ViewController.swift in Sources */ = {isa = PBXBuildFile; fileRef = 43ED61351A0E6D2F00071270 /* ViewController.swift */; };
		43ED61391A0E6D2F00071270 /* Main.storyboard in Resources */ = {isa = PBXBuildFile; fileRef = 43ED61371A0E6D2F00071270 /* Main.storyboard */; };
		43ED613B1A0E6D2F00071270 /* Images.xcassets in Resources */ = {isa = PBXBuildFile; fileRef = 43ED613A1A0E6D2F00071270 /* Images.xcassets */; };
		43ED613E1A0E6D2F00071270 /* LaunchScreen.xib in Resources */ = {isa = PBXBuildFile; fileRef = 43ED613C1A0E6D2F00071270 /* LaunchScreen.xib */; };
		43ED614A1A0E6D2F00071270 /* LaunchyTests.swift in Sources */ = {isa = PBXBuildFile; fileRef = 43ED61491A0E6D2F00071270 /* LaunchyTests.swift */; };
		43ED61551A0E6E0A00071270 /* KeychainService.swift in Sources */ = {isa = PBXBuildFile; fileRef = 43ED61541A0E6E0A00071270 /* KeychainService.swift */; };
/* End PBXBuildFile section */

/* Begin PBXContainerItemProxy section */
		43ED61441A0E6D2F00071270 /* PBXContainerItemProxy */ = {
			isa = PBXContainerItemProxy;
			containerPortal = 43ED61261A0E6D2F00071270 /* Project object */;
			proxyType = 1;
			remoteGlobalIDString = 43ED612D1A0E6D2F00071270;
			remoteInfo = Launchy;
		};
/* End PBXContainerItemProxy section */

/* Begin PBXFileReference section */
		43ED612E1A0E6D2F00071270 /* Launchy.app */ = {isa = PBXFileReference; explicitFileType = wrapper.application; includeInIndex = 0; path = Launchy.app; sourceTree = BUILT_PRODUCTS_DIR; };
		43ED61321A0E6D2F00071270 /* Info.plist */ = {isa = PBXFileReference; lastKnownFileType = text.plist.xml; path = Info.plist; sourceTree = "<group>"; };
		43ED61331A0E6D2F00071270 /* AppDelegate.swift */ = {isa = PBXFileReference; lastKnownFileType = sourcecode.swift; path = AppDelegate.swift; sourceTree = "<group>"; };
		43ED61351A0E6D2F00071270 /* ViewController.swift */ = {isa = PBXFileReference; lastKnownFileType = sourcecode.swift; path = ViewController.swift; sourceTree = "<group>"; };
		43ED61381A0E6D2F00071270 /* Base */ = {isa = PBXFileReference; lastKnownFileType = file.storyboard; name = Base; path = Base.lproj/Main.storyboard; sourceTree = "<group>"; };
		43ED613A1A0E6D2F00071270 /* Images.xcassets */ = {isa = PBXFileReference; lastKnownFileType = folder.assetcatalog; path = Images.xcassets; sourceTree = "<group>"; };
		43ED613D1A0E6D2F00071270 /* Base */ = {isa = PBXFileReference; lastKnownFileType = file.xib; name = Base; path = Base.lproj/LaunchScreen.xib; sourceTree = "<group>"; };
		43ED61431A0E6D2F00071270 /* LaunchyTests.xctest */ = {isa = PBXFileReference; explicitFileType = wrapper.cfbundle; includeInIndex = 0; path = LaunchyTests.xctest; sourceTree = BUILT_PRODUCTS_DIR; };
		43ED61481A0E6D2F00071270 /* Info.plist */ = {isa = PBXFileReference; lastKnownFileType = text.plist.xml; path = Info.plist; sourceTree = "<group>"; };
		43ED61491A0E6D2F00071270 /* LaunchyTests.swift */ = {isa = PBXFileReference; lastKnownFileType = sourcecode.swift; path = LaunchyTests.swift; sourceTree = "<group>"; };
		43ED61531A0E6DF600071270 /* clientCert.p12 */ = {isa = PBXFileReference; lastKnownFileType = file; path = clientCert.p12; sourceTree = "<group>"; };
		43ED61541A0E6E0A00071270 /* KeychainService.swift */ = {isa = PBXFileReference; fileEncoding = 4; lastKnownFileType = sourcecode.swift; path = KeychainService.swift; sourceTree = "<group>"; };
/* End PBXFileReference section */

/* Begin PBXFrameworksBuildPhase section */
		43ED612B1A0E6D2F00071270 /* Frameworks */ = {
			isa = PBXFrameworksBuildPhase;
			buildActionMask = 2147483647;
			files = (
			);
			runOnlyForDeploymentPostprocessing = 0;
		};
		43ED61401A0E6D2F00071270 /* Frameworks */ = {
			isa = PBXFrameworksBuildPhase;
			buildActionMask = 2147483647;
			files = (
			);
			runOnlyForDeploymentPostprocessing = 0;
		};
/* End PBXFrameworksBuildPhase section */

/* Begin PBXGroup section */
		43ED61251A0E6D2F00071270 = {
			isa = PBXGroup;
			children = (
				43ED61301A0E6D2F00071270 /* Launchy */,
				43ED61461A0E6D2F00071270 /* LaunchyTests */,
				43ED612F1A0E6D2F00071270 /* Products */,
			);
			sourceTree = "<group>";
		};
		43ED612F1A0E6D2F00071270 /* Products */ = {
			isa = PBXGroup;
			children = (
				43ED612E1A0E6D2F00071270 /* Launchy.app */,
				43ED61431A0E6D2F00071270 /* LaunchyTests.xctest */,
			);
			name = Products;
			sourceTree = "<group>";
		};
		43ED61301A0E6D2F00071270 /* Launchy */ = {
			isa = PBXGroup;
			children = (
				43ED61541A0E6E0A00071270 /* KeychainService.swift */,
				43ED61331A0E6D2F00071270 /* AppDelegate.swift */,
				43ED61351A0E6D2F00071270 /* ViewController.swift */,
				43ED61371A0E6D2F00071270 /* Main.storyboard */,
				43ED613A1A0E6D2F00071270 /* Images.xcassets */,
				43ED613C1A0E6D2F00071270 /* LaunchScreen.xib */,
				43ED61311A0E6D2F00071270 /* Supporting Files */,
			);
			path = Launchy;
			sourceTree = "<group>";
		};
		43ED61311A0E6D2F00071270 /* Supporting Files */ = {
			isa = PBXGroup;
			children = (
				43ED61531A0E6DF600071270 /* clientCert.p12 */,
				43ED61321A0E6D2F00071270 /* Info.plist */,
			);
			name = "Supporting Files";
			sourceTree = "<group>";
		};
		43ED61461A0E6D2F00071270 /* LaunchyTests */ = {
			isa = PBXGroup;
			children = (
				43ED61491A0E6D2F00071270 /* LaunchyTests.swift */,
				43ED61471A0E6D2F00071270 /* Supporting Files */,
			);
			path = LaunchyTests;
			sourceTree = "<group>";
		};
		43ED61471A0E6D2F00071270 /* Supporting Files */ = {
			isa = PBXGroup;
			children = (
				43ED61481A0E6D2F00071270 /* Info.plist */,
			);
			name = "Supporting Files";
			sourceTree = "<group>";
		};
/* End PBXGroup section */

/* Begin PBXNativeTarget section */
		43ED612D1A0E6D2F00071270 /* Launchy */ = {
			isa = PBXNativeTarget;
			buildConfigurationList = 43ED614D1A0E6D2F00071270 /* Build configuration list for PBXNativeTarget "Launchy" */;
			buildPhases = (
				43ED612A1A0E6D2F00071270 /* Sources */,
				43ED612B1A0E6D2F00071270 /* Frameworks */,
				43ED612C1A0E6D2F00071270 /* Resources */,
			);
			buildRules = (
			);
			dependencies = (
			);
			name = Launchy;
			productName = Launchy;
			productReference = 43ED612E1A0E6D2F00071270 /* Launchy.app */;
			productType = "com.apple.product-type.application";
		};
		43ED61421A0E6D2F00071270 /* LaunchyTests */ = {
			isa = PBXNativeTarget;
			buildConfigurationList = 43ED61501A0E6D2F00071270 /* Build configuration list for PBXNativeTarget "LaunchyTests" */;
			buildPhases = (
				43ED613F1A0E6D2F00071270 /* Sources */,
				43ED61401A0E6D2F00071270 /* Frameworks */,
				43ED61411A0E6D2F00071270 /* Resources */,
			);
			buildRules = (
			);
			dependencies = (
				43ED61451A0E6D2F00071270 /* PBXTargetDependency */,
			);
			name = LaunchyTests;
			productName = LaunchyTests;
			productReference = 43ED61431A0E6D2F00071270 /* LaunchyTests.xctest */;
			productType = "com.apple.product-type.bundle.unit-test";
		};
/* End PBXNativeTarget section */

/* Begin PBXProject section */
		43ED61261A0E6D2F00071270 /* Project object */ = {
			isa = PBXProject;
			attributes = {
				LastUpgradeCheck = 0610;
				ORGANIZATIONNAME = net.mincong;
				TargetAttributes = {
					43ED612D1A0E6D2F00071270 = {
						CreatedOnToolsVersion = 6.1;
						DevelopmentTeam = ZKUTXPHP95;
					};
					43ED61421A0E6D2F00071270 = {
						CreatedOnToolsVersion = 6.1;
						TestTargetID = 43ED612D1A0E6D2F00071270;
					};
				};
			};
			buildConfigurationList = 43ED61291A0E6D2F00071270 /* Build configuration list for PBXProject "Launchy" */;
			compatibilityVersion = "Xcode 3.2";
			developmentRegion = English;
			hasScannedForEncodings = 0;
			knownRegions = (
				en,
				Base,
			);
			mainGroup = 43ED61251A0E6D2F00071270;
			productRefGroup = 43ED612F1A0E6D2F00071270 /* Products */;
			projectDirPath = "";
			projectRoot = "";
			targets = (
				43ED612D1A0E6D2F00071270 /* Launchy */,
				43ED61421A0E6D2F00071270 /* LaunchyTests */,
			);
		};
/* End PBXProject section */

/* Begin PBXResourcesBuildPhase section */
		43ED612C1A0E6D2F00071270 /* Resources */ = {
			isa = PBXResourcesBuildPhase;
			buildActionMask = 2147483647;
			files = (
				43ED61391A0E6D2F00071270 /* Main.storyboard in Resources */,
				43ED613E1A0E6D2F00071270 /* LaunchScreen.xib in Resources */,
				43ED613B1A0E6D2F00071270 /* Images.xcassets in Resources */,
			);
			runOnlyForDeploymentPostprocessing = 0;
		};
		43ED61411A0E6D2F00071270 /* Resources */ = {
			isa = PBXResourcesBuildPhase;
			buildActionMask = 2147483647;
			files = (
			);
			runOnlyForDeploymentPostprocessing = 0;
		};
/* End PBXResourcesBuildPhase section */

/* Begin PBXSourcesBuildPhase section */
		43ED612A1A0E6D2F00071270 /* Sources */ = {
			isa = PBXSourcesBuildPhase;
			buildActionMask = 2147483647;
			files = (
				43ED61361A0E6D2F00071270 /* ViewController.swift in Sources */,
				43ED61341A0E6D2F00071270 /* AppDelegate.swift in Sources */,
				43ED61551A0E6E0A00071270 /* KeychainService.swift in Sources */,
			);
			runOnlyForDeploymentPostprocessing = 0;
		};
		43ED613F1A0E6D2F00071270 /* Sources */ = {
			isa = PBXSourcesBuildPhase;
			buildActionMask = 2147483647;
			files = (
				43ED614A1A0E6D2F00071270 /* LaunchyTests.swift in Sources */,
			);
			runOnlyForDeploymentPostprocessing = 0;
		};
/* End PBXSourcesBuildPhase section */

/* Begin PBXTargetDependency section */
		43ED61451A0E6D2F00071270 /* PBXTargetDependency */ = {
			isa = PBXTargetDependency;
			target = 43ED612D1A0E6D2F00071270 /* Launchy */;
			targetProxy = 43ED61441A0E6D2F00071270 /* PBXContainerItemProxy */;
		};
/* End PBXTargetDependency section */

/* Begin PBXVariantGroup section */
		43ED61371A0E6D2F00071270 /* Main.storyboard */ = {
			isa = PBXVariantGroup;
			children = (
				43ED61381A0E6D2F00071270 /* Base */,
			);
			name = Main.storyboard;
			sourceTree = "<group>";
		};
		43ED613C1A0E6D2F00071270 /* LaunchScreen.xib */ = {
			isa = PBXVariantGroup;
			children = (
				43ED613D1A0E6D2F00071270 /* Base */,
			);
			name = LaunchScreen.xib;
			sourceTree = "<group>";
		};
/* End PBXVariantGroup section */

/* Begin XCBuildConfiguration section */
		43ED614B1A0E6D2F00071270 /* Debug */ = {
			isa = XCBuildConfiguration;
			buildSettings = {
				ALWAYS_SEARCH_USER_PATHS = NO;
				CLANG_CXX_LANGUAGE_STANDARD = "gnu++0x";
				CLANG_CXX_LIBRARY = "libc++";
				CLANG_ENABLE_MODULES = YES;
				CLANG_ENABLE_OBJC_ARC = YES;
				CLANG_WARN_BOOL_CONVERSION = YES;
				CLANG_WARN_CONSTANT_CONVERSION = YES;
				CLANG_WARN_DIRECT_OBJC_ISA_USAGE = YES_ERROR;
				CLANG_WARN_EMPTY_BODY = YES;
				CLANG_WARN_ENUM_CONVERSION = YES;
				CLANG_WARN_INT_CONVERSION = YES;
				CLANG_WARN_OBJC_ROOT_CLASS = YES_ERROR;
				CLANG_WARN_UNREACHABLE_CODE = YES;
				CLANG_WARN__DUPLICATE_METHOD_MATCH = YES;
				"CODE_SIGN_IDENTITY[sdk=iphoneos*]" = "iPhone Developer";
				COPY_PHASE_STRIP = NO;
				ENABLE_STRICT_OBJC_MSGSEND = YES;
				GCC_C_LANGUAGE_STANDARD = gnu99;
				GCC_DYNAMIC_NO_PIC = NO;
				GCC_OPTIMIZATION_LEVEL = 0;
				GCC_PREPROCESSOR_DEFINITIONS = (
					"DEBUG=1",
					"$(inherited)",
				);
				GCC_SYMBOLS_PRIVATE_EXTERN = NO;
				GCC_WARN_64_TO_32_BIT_CONVERSION = YES;
				GCC_WARN_ABOUT_RETURN_TYPE = YES_ERROR;
				GCC_WARN_UNDECLARED_SELECTOR = YES;
				GCC_WARN_UNINITIALIZED_AUTOS = YES_AGGRESSIVE;
				GCC_WARN_UNUSED_FUNCTION = YES;
				GCC_WARN_UNUSED_VARIABLE = YES;
				IPHONEOS_DEPLOYMENT_TARGET = 8.1;
				MTL_ENABLE_DEBUG_INFO = YES;
				ONLY_ACTIVE_ARCH = YES;
				SDKROOT = iphoneos;
				SWIFT_OPTIMIZATION_LEVEL = "-Onone";
			};
			name = Debug;
		};
		43ED614C1A0E6D2F00071270 /* Release */ = {
			isa = XCBuildConfiguration;
			buildSettings = {
				ALWAYS_SEARCH_USER_PATHS = NO;
				CLANG_CXX_LANGUAGE_STANDARD = "gnu++0x";
				CLANG_CXX_LIBRARY = "libc++";
				CLANG_ENABLE_MODULES = YES;
				CLANG_ENABLE_OBJC_ARC = YES;
				CLANG_WARN_BOOL_CONVERSION = YES;
				CLANG_WARN_CONSTANT_CONVERSION = YES;
				CLANG_WARN_DIRECT_OBJC_ISA_USAGE = YES_ERROR;
				CLANG_WARN_EMPTY_BODY = YES;
				CLANG_WARN_ENUM_CONVERSION = YES;
				CLANG_WARN_INT_CONVERSION = YES;
				CLANG_WARN_OBJC_ROOT_CLASS = YES_ERROR;
				CLANG_WARN_UNREACHABLE_CODE = YES;
				CLANG_WARN__DUPLICATE_METHOD_MATCH = YES;
				"CODE_SIGN_IDENTITY[sdk=iphoneos*]" = "iPhone Developer";
				COPY_PHASE_STRIP = YES;
				ENABLE_NS_ASSERTIONS = NO;
				ENABLE_STRICT_OBJC_MSGSEND = YES;
				GCC_C_LANGUAGE_STANDARD = gnu99;
				GCC_WARN_64_TO_32_BIT_CONVERSION = YES;
				GCC_WARN_ABOUT_RETURN_TYPE = YES_ERROR;
				GCC_WARN_UNDECLARED_SELECTOR = YES;
				GCC_WARN_UNINITIALIZED_AUTOS = YES_AGGRESSIVE;
				GCC_WARN_UNUSED_FUNCTION = YES;
				GCC_WARN_UNUSED_VARIABLE = YES;
				IPHONEOS_DEPLOYMENT_TARGET = 8.1;
				MTL_ENABLE_DEBUG_INFO = NO;
				SDKROOT = iphoneos;
				VALIDATE_PRODUCT = YES;
			};
			name = Release;
		};
		43ED614E1A0E6D2F00071270 /* Debug */ = {
			isa = XCBuildConfiguration;
			buildSettings = {
				ASSETCATALOG_COMPILER_APPICON_NAME = AppIcon;
				CODE_SIGN_IDENTITY = "iPhone Developer";
				INFOPLIST_FILE = Launchy/Info.plist;
				LD_RUNPATH_SEARCH_PATHS = "$(inherited) @executable_path/Frameworks";
				PRODUCT_NAME = "$(TARGET_NAME)";
			};
			name = Debug;
		};
		43ED614F1A0E6D2F00071270 /* Release */ = {
			isa = XCBuildConfiguration;
			buildSettings = {
				ASSETCATALOG_COMPILER_APPICON_NAME = AppIcon;
				CODE_SIGN_IDENTITY = "iPhone Developer";
				INFOPLIST_FILE = Launchy/Info.plist;
				LD_RUNPATH_SEARCH_PATHS = "$(inherited) @executable_path/Frameworks";
				PRODUCT_NAME = "$(TARGET_NAME)";
			};
			name = Release;
		};
		43ED61511A0E6D2F00071270 /* Debug */ = {
			isa = XCBuildConfiguration;
			buildSettings = {
				BUNDLE_LOADER = "$(TEST_HOST)";
				FRAMEWORK_SEARCH_PATHS = (
					"$(SDKROOT)/Developer/Library/Frameworks",
					"$(inherited)",
				);
				GCC_PREPROCESSOR_DEFINITIONS = (
					"DEBUG=1",
					"$(inherited)",
				);
				INFOPLIST_FILE = LaunchyTests/Info.plist;
				LD_RUNPATH_SEARCH_PATHS = "$(inherited) @executable_path/Frameworks @loader_path/Frameworks";
				PRODUCT_NAME = "$(TARGET_NAME)";
				TEST_HOST = "$(BUILT_PRODUCTS_DIR)/Launchy.app/Launchy";
			};
			name = Debug;
		};
		43ED61521A0E6D2F00071270 /* Release */ = {
			isa = XCBuildConfiguration;
			buildSettings = {
				BUNDLE_LOADER = "$(TEST_HOST)";
				FRAMEWORK_SEARCH_PATHS = (
					"$(SDKROOT)/Developer/Library/Frameworks",
					"$(inherited)",
				);
				INFOPLIST_FILE = LaunchyTests/Info.plist;
				LD_RUNPATH_SEARCH_PATHS = "$(inherited) @executable_path/Frameworks @loader_path/Frameworks";
				PRODUCT_NAME = "$(TARGET_NAME)";
				TEST_HOST = "$(BUILT_PRODUCTS_DIR)/Launchy.app/Launchy";
			};
			name = Release;
		};
/* End XCBuildConfiguration section */

/* Begin XCConfigurationList section */
		43ED61291A0E6D2F00071270 /* Build configuration list for PBXProject "Launchy" */ = {
			isa = XCConfigurationList;
			buildConfigurations = (
				43ED614B1A0E6D2F00071270 /* Debug */,
				43ED614C1A0E6D2F00071270 /* Release */,
			);
			defaultConfigurationIsVisible = 0;
			defaultConfigurationName = Release;
		};
		43ED614D1A0E6D2F00071270 /* Build configuration list for PBXNativeTarget "Launchy" */ = {
			isa = XCConfigurationList;
			buildConfigurations = (
				43ED614E1A0E6D2F00071270 /* Debug */,
				43ED614F1A0E6D2F00071270 /* Release */,
			);
			defaultConfigurationIsVisible = 0;
		};
		43ED61501A0E6D2F00071270 /* Build configuration list for PBXNativeTarget "LaunchyTests" */ = {
			isa = XCConfigurationList;
			buildConfigurations = (
				43ED61511A0E6D2F00071270 /* Debug */,
				43ED61521A0E6D2F00071270 /* Release */,
			);
			defaultConfigurationIsVisible = 0;
		};
/* End XCConfigurationList section */
	};
	rootObject = 43ED61261A0E6D2F00071270 /* Project object */;
}
