// !$*UTF8*$!
{
	archiveVersion = 1;
	classes = {
	};
	objectVersion = 46;
	objects = {

/* Begin PBXBuildFile section */
		3F70D08D07FAE7F6FF9011B8 /* VPNProfileManager+VPNProfile.swift in Sources */ = {isa = PBXBuildFile; fileRef = 3F70DC00C34254F23CACE16E /* VPNProfileManager+VPNProfile.swift */; };
		3F70D2052FDBFB98C14987F4 /* KeyChainWrapper+VPNProfile.swift in Sources */ = {isa = PBXBuildFile; fileRef = 3F70D62D3A810C72EA54D9B8 /* KeyChainWrapper+VPNProfile.swift */; };
		3F70DD4C5D284ED3C3EDB288 /* KeyChainWrapper+VPNProfile.swift in Sources */ = {isa = PBXBuildFile; fileRef = 3F70D62D3A810C72EA54D9B8 /* KeyChainWrapper+VPNProfile.swift */; };
		3F70DFDB3162E8C7503A5FEC /* VPNProfileManager+VPNProfile.swift in Sources */ = {isa = PBXBuildFile; fileRef = 3F70DC00C34254F23CACE16E /* VPNProfileManager+VPNProfile.swift */; };
		4303C4891A7FDCF500C2DC43 /* VPNManagerHelper.swift in Sources */ = {isa = PBXBuildFile; fileRef = 4303C4881A7FDCF500C2DC43 /* VPNManagerHelper.swift */; };
		4303C48A1A7FDCFC00C2DC43 /* TodayViewController.swift in Sources */ = {isa = PBXBuildFile; fileRef = 43FAEE5F1A6AABD500B026E7 /* TodayViewController.swift */; };
		4303C4A81A7FE0F400C2DC43 /* KeychainWrapper.swift in Sources */ = {isa = PBXBuildFile; fileRef = 43BCC2A01A73DC4F00E4FB73 /* KeychainWrapper.swift */; };
		4303C4AE1A81253900C2DC43 /* Main.storyboard in Resources */ = {isa = PBXBuildFile; fileRef = 4303C4AD1A81253900C2DC43 /* Main.storyboard */; };
		431797611A9E2B7B0067C23A /* DetailViewController.swift in Sources */ = {isa = PBXBuildFile; fileRef = 431797601A9E2B7B0067C23A /* DetailViewController.swift */; };
		437A44201A6AB739007A8FCE /* NetworkExtension.framework in Frameworks */ = {isa = PBXBuildFile; fileRef = 43DBC7741A0F577C001FCFE1 /* NetworkExtension.framework */; };
		43BCC2A11A73DC4F00E4FB73 /* KeychainWrapper.swift in Sources */ = {isa = PBXBuildFile; fileRef = 43BCC2A01A73DC4F00E4FB73 /* KeychainWrapper.swift */; };
		43C3CC971A8912320065E151 /* SwiftyJSON.framework in CopyFiles */ = {isa = PBXBuildFile; fileRef = 43C3CC8F1A8912050065E151 /* SwiftyJSON.framework */; settings = {ATTRIBUTES = (CodeSignOnCopy, RemoveHeadersOnCopy, ); }; };
		43C985BE1A98CE730077E0C6 /* VPNProfile.swift in Sources */ = {isa = PBXBuildFile; fileRef = 43C985BD1A98CE730077E0C6 /* VPNProfile.swift */; };
		43C985BF1A98CE730077E0C6 /* VPNProfile.swift in Sources */ = {isa = PBXBuildFile; fileRef = 43C985BD1A98CE730077E0C6 /* VPNProfile.swift */; };
		43C985FF1A98EAFE0077E0C6 /* VPNProfile.xcdatamodeld in Sources */ = {isa = PBXBuildFile; fileRef = 43C985F41A98E08E0077E0C6 /* VPNProfile.xcdatamodeld */; };
		43C986001A98EB030077E0C6 /* VPNProfile.xcdatamodeld in Sources */ = {isa = PBXBuildFile; fileRef = 43C985F41A98E08E0077E0C6 /* VPNProfile.xcdatamodeld */; };
		43C986021A99777E0077E0C6 /* VPNProfileManager.swift in Sources */ = {isa = PBXBuildFile; fileRef = 43C986011A99777E0077E0C6 /* VPNProfileManager.swift */; };
		43C986031A99777E0077E0C6 /* VPNProfileManager.swift in Sources */ = {isa = PBXBuildFile; fileRef = 43C986011A99777E0077E0C6 /* VPNProfileManager.swift */; };
		43DBC7751A0F577C001FCFE1 /* NetworkExtension.framework in Frameworks */ = {isa = PBXBuildFile; fileRef = 43DBC7741A0F577C001FCFE1 /* NetworkExtension.framework */; };
		43ED61341A0E6D2F00071270 /* AppDelegate.swift in Sources */ = {isa = PBXBuildFile; fileRef = 43ED61331A0E6D2F00071270 /* AppDelegate.swift */; };
		43ED61361A0E6D2F00071270 /* MasterViewController.swift in Sources */ = {isa = PBXBuildFile; fileRef = 43ED61351A0E6D2F00071270 /* MasterViewController.swift */; };
		43ED613B1A0E6D2F00071270 /* Images.xcassets in Resources */ = {isa = PBXBuildFile; fileRef = 43ED613A1A0E6D2F00071270 /* Images.xcassets */; };
		43ED614A1A0E6D2F00071270 /* LaunchyTests.swift in Sources */ = {isa = PBXBuildFile; fileRef = 43ED61491A0E6D2F00071270 /* LaunchyTests.swift */; };
		43ED61571A0E746100071270 /* KeyChainTests.swift in Sources */ = {isa = PBXBuildFile; fileRef = 43ED61561A0E746100071270 /* KeyChainTests.swift */; };
		43FAEE5B1A6AABD500B026E7 /* NotificationCenter.framework in Frameworks */ = {isa = PBXBuildFile; fileRef = 43FAEE451A6AAADB00B026E7 /* NotificationCenter.framework */; };
		43FAEE621A6AABD500B026E7 /* MainInterface.storyboard in Resources */ = {isa = PBXBuildFile; fileRef = 43FAEE611A6AABD500B026E7 /* MainInterface.storyboard */; };
		43FAEE651A6AABD500B026E7 /* VPNSwitcher.appex in Embed App Extensions */ = {isa = PBXBuildFile; fileRef = 43FAEE5A1A6AABD500B026E7 /* VPNSwitcher.appex */; settings = {ATTRIBUTES = (RemoveHeadersOnCopy, ); }; };
/* End PBXBuildFile section */

/* Begin PBXContainerItemProxy section */
		43C3CC8E1A8912050065E151 /* PBXContainerItemProxy */ = {
			isa = PBXContainerItemProxy;
			containerPortal = 43C3CC871A8912050065E151 /* SwiftyJSON.xcodeproj */;
			proxyType = 2;
			remoteGlobalIDString = 2E4FEFDB19575BE100351305;
			remoteInfo = "SwiftyJSON iOS";
		};
		43C3CC901A8912050065E151 /* PBXContainerItemProxy */ = {
			isa = PBXContainerItemProxy;
			containerPortal = 43C3CC871A8912050065E151 /* SwiftyJSON.xcodeproj */;
			proxyType = 2;
			remoteGlobalIDString = 2E4FEFE619575BE100351305;
			remoteInfo = SwiftyJSONTests;
		};
		43C3CC921A8912050065E151 /* PBXContainerItemProxy */ = {
			isa = PBXContainerItemProxy;
			containerPortal = 43C3CC871A8912050065E151 /* SwiftyJSON.xcodeproj */;
			proxyType = 2;
			remoteGlobalIDString = 030B6CC31A6E16E800C2D4F1;
			remoteInfo = "SwiftyJSON OSX";
		};
		43C3CC941A8912050065E151 /* PBXContainerItemProxy */ = {
			isa = PBXContainerItemProxy;
			containerPortal = 43C3CC871A8912050065E151 /* SwiftyJSON.xcodeproj */;
			proxyType = 2;
			remoteGlobalIDString = 030B6CCD1A6E16E900C2D4F1;
			remoteInfo = "SwiftyJSON OSXTests";
		};
		43ED61441A0E6D2F00071270 /* PBXContainerItemProxy */ = {
			isa = PBXContainerItemProxy;
			containerPortal = 43ED61261A0E6D2F00071270 /* Project object */;
			proxyType = 1;
			remoteGlobalIDString = 43ED612D1A0E6D2F00071270;
			remoteInfo = Launchy;
		};
		43FAEE631A6AABD500B026E7 /* PBXContainerItemProxy */ = {
			isa = PBXContainerItemProxy;
			containerPortal = 43ED61261A0E6D2F00071270 /* Project object */;
			proxyType = 1;
			remoteGlobalIDString = 43FAEE591A6AABD500B026E7;
			remoteInfo = VPNSwitcher;
		};
/* End PBXContainerItemProxy section */

/* Begin PBXCopyFilesBuildPhase section */
		43C3CC961A8912230065E151 /* CopyFiles */ = {
			isa = PBXCopyFilesBuildPhase;
			buildActionMask = 2147483647;
			dstPath = "";
			dstSubfolderSpec = 10;
			files = (
				43C3CC971A8912320065E151 /* SwiftyJSON.framework in CopyFiles */,
			);
			runOnlyForDeploymentPostprocessing = 0;
		};
		43FAEE511A6AAADB00B026E7 /* Embed App Extensions */ = {
			isa = PBXCopyFilesBuildPhase;
			buildActionMask = 2147483647;
			dstPath = "";
			dstSubfolderSpec = 13;
			files = (
				43FAEE651A6AABD500B026E7 /* VPNSwitcher.appex in Embed App Extensions */,
			);
			name = "Embed App Extensions";
			runOnlyForDeploymentPostprocessing = 0;
		};
/* End PBXCopyFilesBuildPhase section */

/* Begin PBXFileReference section */
		3F70D62D3A810C72EA54D9B8 /* KeyChainWrapper+VPNProfile.swift */ = {isa = PBXFileReference; fileEncoding = 4; lastKnownFileType = sourcecode.swift; name = "KeyChainWrapper+VPNProfile.swift"; path = "Launchy/KeyChainWrapper+VPNProfile.swift"; sourceTree = "<group>"; };
		3F70DC00C34254F23CACE16E /* VPNProfileManager+VPNProfile.swift */ = {isa = PBXFileReference; fileEncoding = 4; lastKnownFileType = sourcecode.swift; path = "VPNProfileManager+VPNProfile.swift"; sourceTree = "<group>"; };
		4303C4881A7FDCF500C2DC43 /* VPNManagerHelper.swift */ = {isa = PBXFileReference; fileEncoding = 4; lastKnownFileType = sourcecode.swift; name = VPNManagerHelper.swift; path = VPNSwitcher/VPNManagerHelper.swift; sourceTree = "<group>"; };
		4303C4AD1A81253900C2DC43 /* Main.storyboard */ = {isa = PBXFileReference; fileEncoding = 4; lastKnownFileType = file.storyboard; path = Main.storyboard; sourceTree = "<group>"; };
		431797601A9E2B7B0067C23A /* DetailViewController.swift */ = {isa = PBXFileReference; fileEncoding = 4; lastKnownFileType = sourcecode.swift; path = DetailViewController.swift; sourceTree = "<group>"; };
		4372FD7A1A6BF5010050F433 /* VPNSwitcher.entitlements */ = {isa = PBXFileReference; lastKnownFileType = text.xml; path = VPNSwitcher.entitlements; sourceTree = "<group>"; };
		43BCC2A01A73DC4F00E4FB73 /* KeychainWrapper.swift */ = {isa = PBXFileReference; fileEncoding = 4; lastKnownFileType = sourcecode.swift; name = KeychainWrapper.swift; path = Launchy/KeychainWrapper.swift; sourceTree = "<group>"; };
		43C3CC871A8912050065E151 /* SwiftyJSON.xcodeproj */ = {isa = PBXFileReference; lastKnownFileType = "wrapper.pb-project"; name = SwiftyJSON.xcodeproj; path = ../../SwiftyJSON/SwiftyJSON.xcodeproj; sourceTree = "<group>"; };
		43C985BD1A98CE730077E0C6 /* VPNProfile.swift */ = {isa = PBXFileReference; fileEncoding = 4; lastKnownFileType = sourcecode.swift; name = VPNProfile.swift; path = Models/VPNProfile.swift; sourceTree = "<group>"; };
		43C985F51A98E08E0077E0C6 /* VPNProfile.xcdatamodel */ = {isa = PBXFileReference; lastKnownFileType = wrapper.xcdatamodel; path = VPNProfile.xcdatamodel; sourceTree = "<group>"; };
		43C986011A99777E0077E0C6 /* VPNProfileManager.swift */ = {isa = PBXFileReference; fileEncoding = 4; lastKnownFileType = sourcecode.swift; name = VPNProfileManager.swift; path = Models/VPNProfileManager.swift; sourceTree = "<group>"; };
		43DBC7731A0F5503001FCFE1 /* Launchy.entitlements */ = {isa = PBXFileReference; lastKnownFileType = text.xml; path = Launchy.entitlements; sourceTree = "<group>"; };
		43DBC7741A0F577C001FCFE1 /* NetworkExtension.framework */ = {isa = PBXFileReference; lastKnownFileType = wrapper.framework; name = NetworkExtension.framework; path = System/Library/Frameworks/NetworkExtension.framework; sourceTree = SDKROOT; };
		43ED612E1A0E6D2F00071270 /* Launchy.app */ = {isa = PBXFileReference; explicitFileType = wrapper.application; includeInIndex = 0; path = Launchy.app; sourceTree = BUILT_PRODUCTS_DIR; };
		43ED61321A0E6D2F00071270 /* Info.plist */ = {isa = PBXFileReference; lastKnownFileType = text.plist.xml; path = Info.plist; sourceTree = "<group>"; };
		43ED61331A0E6D2F00071270 /* AppDelegate.swift */ = {isa = PBXFileReference; lastKnownFileType = sourcecode.swift; path = AppDelegate.swift; sourceTree = "<group>"; };
		43ED61351A0E6D2F00071270 /* MasterViewController.swift */ = {isa = PBXFileReference; lastKnownFileType = sourcecode.swift; path = MasterViewController.swift; sourceTree = "<group>"; };
		43ED613A1A0E6D2F00071270 /* Images.xcassets */ = {isa = PBXFileReference; lastKnownFileType = folder.assetcatalog; path = Images.xcassets; sourceTree = "<group>"; };
		43ED613D1A0E6D2F00071270 /* Base */ = {isa = PBXFileReference; lastKnownFileType = file.xib; name = Base; path = Base.lproj/LaunchScreen.xib; sourceTree = "<group>"; };
		43ED61431A0E6D2F00071270 /* LaunchyTests.xctest */ = {isa = PBXFileReference; explicitFileType = wrapper.cfbundle; includeInIndex = 0; path = LaunchyTests.xctest; sourceTree = BUILT_PRODUCTS_DIR; };
		43ED61481A0E6D2F00071270 /* Info.plist */ = {isa = PBXFileReference; lastKnownFileType = text.plist.xml; path = Info.plist; sourceTree = "<group>"; };
		43ED61491A0E6D2F00071270 /* LaunchyTests.swift */ = {isa = PBXFileReference; lastKnownFileType = sourcecode.swift; path = LaunchyTests.swift; sourceTree = "<group>"; };
		43ED61561A0E746100071270 /* KeyChainTests.swift */ = {isa = PBXFileReference; fileEncoding = 4; lastKnownFileType = sourcecode.swift; path = KeyChainTests.swift; sourceTree = "<group>"; };
		43FAEE451A6AAADB00B026E7 /* NotificationCenter.framework */ = {isa = PBXFileReference; lastKnownFileType = wrapper.framework; name = NotificationCenter.framework; path = System/Library/Frameworks/NotificationCenter.framework; sourceTree = SDKROOT; };
		43FAEE5A1A6AABD500B026E7 /* VPNSwitcher.appex */ = {isa = PBXFileReference; explicitFileType = "wrapper.app-extension"; includeInIndex = 0; path = VPNSwitcher.appex; sourceTree = BUILT_PRODUCTS_DIR; };
		43FAEE5E1A6AABD500B026E7 /* Info.plist */ = {isa = PBXFileReference; lastKnownFileType = text.plist.xml; path = Info.plist; sourceTree = "<group>"; };
		43FAEE5F1A6AABD500B026E7 /* TodayViewController.swift */ = {isa = PBXFileReference; lastKnownFileType = sourcecode.swift; path = TodayViewController.swift; sourceTree = "<group>"; };
		43FAEE611A6AABD500B026E7 /* MainInterface.storyboard */ = {isa = PBXFileReference; lastKnownFileType = file.storyboard; path = MainInterface.storyboard; sourceTree = "<group>"; };
/* End PBXFileReference section */

/* Begin PBXFrameworksBuildPhase section */
		43ED612B1A0E6D2F00071270 /* Frameworks */ = {
			isa = PBXFrameworksBuildPhase;
			buildActionMask = 2147483647;
			files = (
				43DBC7751A0F577C001FCFE1 /* NetworkExtension.framework in Frameworks */,
			);
			runOnlyForDeploymentPostprocessing = 0;
		};
		43ED61401A0E6D2F00071270 /* Frameworks */ = {
			isa = PBXFrameworksBuildPhase;
			buildActionMask = 2147483647;
			files = (
			);
			runOnlyForDeploymentPostprocessing = 0;
		};
		43FAEE571A6AABD500B026E7 /* Frameworks */ = {
			isa = PBXFrameworksBuildPhase;
			buildActionMask = 2147483647;
			files = (
				437A44201A6AB739007A8FCE /* NetworkExtension.framework in Frameworks */,
				43FAEE5B1A6AABD500B026E7 /* NotificationCenter.framework in Frameworks */,
			);
			runOnlyForDeploymentPostprocessing = 0;
		};
/* End PBXFrameworksBuildPhase section */

/* Begin PBXGroup section */
		43B106951A8BB210003AD14F /* Models */ = {
			isa = PBXGroup;
			children = (
				43C986011A99777E0077E0C6 /* VPNProfileManager.swift */,
				43C985F41A98E08E0077E0C6 /* VPNProfile.xcdatamodeld */,
				43C985BD1A98CE730077E0C6 /* VPNProfile.swift */,
				43BCC2A01A73DC4F00E4FB73 /* KeychainWrapper.swift */,
				4303C4881A7FDCF500C2DC43 /* VPNManagerHelper.swift */,
				3F70DC00C34254F23CACE16E /* VPNProfileManager+VPNProfile.swift */,
				3F70D62D3A810C72EA54D9B8 /* KeyChainWrapper+VPNProfile.swift */,
			);
			name = Models;
			sourceTree = "<group>";
		};
		43C3CC881A8912050065E151 /* Products */ = {
			isa = PBXGroup;
			children = (
				43C3CC8F1A8912050065E151 /* SwiftyJSON.framework */,
				43C3CC911A8912050065E151 /* SwiftyJSONTests.xctest */,
				43C3CC931A8912050065E151 /* SwiftyJSON.framework */,
				43C3CC951A8912050065E151 /* SwiftyJSON OSXTests.xctest */,
			);
			name = Products;
			sourceTree = "<group>";
		};
		43ED61251A0E6D2F00071270 = {
			isa = PBXGroup;
			children = (
				43C3CC871A8912050065E151 /* SwiftyJSON.xcodeproj */,
				43B106951A8BB210003AD14F /* Models */,
				43ED61301A0E6D2F00071270 /* Launchy */,
				43ED61461A0E6D2F00071270 /* LaunchyTests */,
				43FAEE5C1A6AABD500B026E7 /* VPNSwitcher */,
				43FAEE441A6AAADB00B026E7 /* Frameworks */,
				43ED612F1A0E6D2F00071270 /* Products */,
			);
			sourceTree = "<group>";
		};
		43ED612F1A0E6D2F00071270 /* Products */ = {
			isa = PBXGroup;
			children = (
				43ED612E1A0E6D2F00071270 /* Launchy.app */,
				43ED61431A0E6D2F00071270 /* LaunchyTests.xctest */,
				43FAEE5A1A6AABD500B026E7 /* VPNSwitcher.appex */,
			);
			name = Products;
			sourceTree = "<group>";
		};
		43ED61301A0E6D2F00071270 /* Launchy */ = {
			isa = PBXGroup;
			children = (
				43DBC7731A0F5503001FCFE1 /* Launchy.entitlements */,
				43ED61331A0E6D2F00071270 /* AppDelegate.swift */,
				43ED61351A0E6D2F00071270 /* MasterViewController.swift */,
				43ED613A1A0E6D2F00071270 /* Images.xcassets */,
				43ED613C1A0E6D2F00071270 /* LaunchScreen.xib */,
				43ED61311A0E6D2F00071270 /* Supporting Files */,
				4303C4AD1A81253900C2DC43 /* Main.storyboard */,
				431797601A9E2B7B0067C23A /* DetailViewController.swift */,
			);
			path = Launchy;
			sourceTree = "<group>";
		};
		43ED61311A0E6D2F00071270 /* Supporting Files */ = {
			isa = PBXGroup;
			children = (
				43ED61321A0E6D2F00071270 /* Info.plist */,
			);
			name = "Supporting Files";
			sourceTree = "<group>";
		};
		43ED61461A0E6D2F00071270 /* LaunchyTests */ = {
			isa = PBXGroup;
			children = (
				43ED61491A0E6D2F00071270 /* LaunchyTests.swift */,
				43ED61471A0E6D2F00071270 /* Supporting Files */,
				43ED61561A0E746100071270 /* KeyChainTests.swift */,
			);
			path = LaunchyTests;
			sourceTree = "<group>";
		};
		43ED61471A0E6D2F00071270 /* Supporting Files */ = {
			isa = PBXGroup;
			children = (
				43ED61481A0E6D2F00071270 /* Info.plist */,
			);
			name = "Supporting Files";
			sourceTree = "<group>";
		};
		43FAEE441A6AAADB00B026E7 /* Frameworks */ = {
			isa = PBXGroup;
			children = (
				43DBC7741A0F577C001FCFE1 /* NetworkExtension.framework */,
				43FAEE451A6AAADB00B026E7 /* NotificationCenter.framework */,
			);
			name = Frameworks;
			sourceTree = "<group>";
		};
		43FAEE5C1A6AABD500B026E7 /* VPNSwitcher */ = {
			isa = PBXGroup;
			children = (
				4372FD7A1A6BF5010050F433 /* VPNSwitcher.entitlements */,
				43FAEE5F1A6AABD500B026E7 /* TodayViewController.swift */,
				43FAEE611A6AABD500B026E7 /* MainInterface.storyboard */,
				43FAEE5D1A6AABD500B026E7 /* Supporting Files */,
			);
			path = VPNSwitcher;
			sourceTree = "<group>";
		};
		43FAEE5D1A6AABD500B026E7 /* Supporting Files */ = {
			isa = PBXGroup;
			children = (
				43FAEE5E1A6AABD500B026E7 /* Info.plist */,
			);
			name = "Supporting Files";
			sourceTree = "<group>";
		};
/* End PBXGroup section */

/* Begin PBXNativeTarget section */
		43ED612D1A0E6D2F00071270 /* Launchy */ = {
			isa = PBXNativeTarget;
			buildConfigurationList = 43ED614D1A0E6D2F00071270 /* Build configuration list for PBXNativeTarget "Launchy" */;
			buildPhases = (
				43ED612A1A0E6D2F00071270 /* Sources */,
				43ED612B1A0E6D2F00071270 /* Frameworks */,
				43ED612C1A0E6D2F00071270 /* Resources */,
				43FAEE511A6AAADB00B026E7 /* Embed App Extensions */,
				43C3CC961A8912230065E151 /* CopyFiles */,
			);
			buildRules = (
			);
			dependencies = (
				43FAEE641A6AABD500B026E7 /* PBXTargetDependency */,
			);
			name = Launchy;
			productName = Launchy;
			productReference = 43ED612E1A0E6D2F00071270 /* Launchy.app */;
			productType = "com.apple.product-type.application";
		};
		43ED61421A0E6D2F00071270 /* LaunchyTests */ = {
			isa = PBXNativeTarget;
			buildConfigurationList = 43ED61501A0E6D2F00071270 /* Build configuration list for PBXNativeTarget "LaunchyTests" */;
			buildPhases = (
				43ED613F1A0E6D2F00071270 /* Sources */,
				43ED61401A0E6D2F00071270 /* Frameworks */,
				43ED61411A0E6D2F00071270 /* Resources */,
			);
			buildRules = (
			);
			dependencies = (
				43ED61451A0E6D2F00071270 /* PBXTargetDependency */,
			);
			name = LaunchyTests;
			productName = LaunchyTests;
			productReference = 43ED61431A0E6D2F00071270 /* LaunchyTests.xctest */;
			productType = "com.apple.product-type.bundle.unit-test";
		};
		43FAEE591A6AABD500B026E7 /* VPNSwitcher */ = {
			isa = PBXNativeTarget;
			buildConfigurationList = 43FAEE661A6AABD500B026E7 /* Build configuration list for PBXNativeTarget "VPNSwitcher" */;
			buildPhases = (
				43FAEE561A6AABD500B026E7 /* Sources */,
				43FAEE571A6AABD500B026E7 /* Frameworks */,
				43FAEE581A6AABD500B026E7 /* Resources */,
			);
			buildRules = (
			);
			dependencies = (
			);
			name = VPNSwitcher;
			productName = VPNSwitcher;
			productReference = 43FAEE5A1A6AABD500B026E7 /* VPNSwitcher.appex */;
			productType = "com.apple.product-type.app-extension";
		};
/* End PBXNativeTarget section */

/* Begin PBXProject section */
		43ED61261A0E6D2F00071270 /* Project object */ = {
			isa = PBXProject;
			attributes = {
				LastUpgradeCheck = 0610;
				ORGANIZATIONNAME = net.mincong;
				TargetAttributes = {
					43ED612D1A0E6D2F00071270 = {
						CreatedOnToolsVersion = 6.1;
						DevelopmentTeam = ZKUTXPHP95;
						SystemCapabilities = {
							com.apple.ApplicationGroups.iOS = {
								enabled = 1;
							};
							com.apple.Keychain = {
								enabled = 1;
							};
							com.apple.VPNLite = {
								enabled = 1;
							};
						};
					};
					43ED61421A0E6D2F00071270 = {
						CreatedOnToolsVersion = 6.1;
						TestTargetID = 43ED612D1A0E6D2F00071270;
					};
					43FAEE591A6AABD500B026E7 = {
						CreatedOnToolsVersion = 6.1.1;
						DevelopmentTeam = ZKUTXPHP95;
						SystemCapabilities = {
							com.apple.ApplicationGroups.iOS = {
								enabled = 1;
							};
							com.apple.Keychain = {
								enabled = 1;
							};
						};
					};
				};
			};
			buildConfigurationList = 43ED61291A0E6D2F00071270 /* Build configuration list for PBXProject "Launchy" */;
			compatibilityVersion = "Xcode 3.2";
			developmentRegion = English;
			hasScannedForEncodings = 0;
			knownRegions = (
				en,
				Base,
			);
			mainGroup = 43ED61251A0E6D2F00071270;
			productRefGroup = 43ED612F1A0E6D2F00071270 /* Products */;
			projectDirPath = "";
			projectReferences = (
				{
					ProductGroup = 43C3CC881A8912050065E151 /* Products */;
					ProjectRef = 43C3CC871A8912050065E151 /* SwiftyJSON.xcodeproj */;
				},
			);
			projectRoot = "";
			targets = (
				43ED612D1A0E6D2F00071270 /* Launchy */,
				43ED61421A0E6D2F00071270 /* LaunchyTests */,
				43FAEE591A6AABD500B026E7 /* VPNSwitcher */,
			);
		};
/* End PBXProject section */

/* Begin PBXReferenceProxy section */
		43C3CC8F1A8912050065E151 /* SwiftyJSON.framework */ = {
			isa = PBXReferenceProxy;
			fileType = wrapper.framework;
			path = SwiftyJSON.framework;
			remoteRef = 43C3CC8E1A8912050065E151 /* PBXContainerItemProxy */;
			sourceTree = BUILT_PRODUCTS_DIR;
		};
		43C3CC911A8912050065E151 /* SwiftyJSONTests.xctest */ = {
			isa = PBXReferenceProxy;
			fileType = wrapper.cfbundle;
			path = SwiftyJSONTests.xctest;
			remoteRef = 43C3CC901A8912050065E151 /* PBXContainerItemProxy */;
			sourceTree = BUILT_PRODUCTS_DIR;
		};
		43C3CC931A8912050065E151 /* SwiftyJSON.framework */ = {
			isa = PBXReferenceProxy;
			fileType = wrapper.framework;
			path = SwiftyJSON.framework;
			remoteRef = 43C3CC921A8912050065E151 /* PBXContainerItemProxy */;
			sourceTree = BUILT_PRODUCTS_DIR;
		};
		43C3CC951A8912050065E151 /* SwiftyJSON OSXTests.xctest */ = {
			isa = PBXReferenceProxy;
			fileType = wrapper.cfbundle;
			path = "SwiftyJSON OSXTests.xctest";
			remoteRef = 43C3CC941A8912050065E151 /* PBXContainerItemProxy */;
			sourceTree = BUILT_PRODUCTS_DIR;
		};
/* End PBXReferenceProxy section */

/* Begin PBXResourcesBuildPhase section */
		43ED612C1A0E6D2F00071270 /* Resources */ = {
			isa = PBXResourcesBuildPhase;
			buildActionMask = 2147483647;
			files = (
				43ED613B1A0E6D2F00071270 /* Images.xcassets in Resources */,
				4303C4AE1A81253900C2DC43 /* Main.storyboard in Resources */,
			);
			runOnlyForDeploymentPostprocessing = 0;
		};
		43ED61411A0E6D2F00071270 /* Resources */ = {
			isa = PBXResourcesBuildPhase;
			buildActionMask = 2147483647;
			files = (
			);
			runOnlyForDeploymentPostprocessing = 0;
		};
		43FAEE581A6AABD500B026E7 /* Resources */ = {
			isa = PBXResourcesBuildPhase;
			buildActionMask = 2147483647;
			files = (
				43FAEE621A6AABD500B026E7 /* MainInterface.storyboard in Resources */,
			);
			runOnlyForDeploymentPostprocessing = 0;
		};
/* End PBXResourcesBuildPhase section */

/* Begin PBXSourcesBuildPhase section */
		43ED612A1A0E6D2F00071270 /* Sources */ = {
			isa = PBXSourcesBuildPhase;
			buildActionMask = 2147483647;
			files = (
				43C986001A98EB030077E0C6 /* VPNProfile.xcdatamodeld in Sources */,
				43C985BE1A98CE730077E0C6 /* VPNProfile.swift in Sources */,
				43BCC2A11A73DC4F00E4FB73 /* KeychainWrapper.swift in Sources */,
				43ED61361A0E6D2F00071270 /* MasterViewController.swift in Sources */,
				43C986021A99777E0077E0C6 /* VPNProfileManager.swift in Sources */,
				43ED61341A0E6D2F00071270 /* AppDelegate.swift in Sources */,
				3F70D08D07FAE7F6FF9011B8 /* VPNProfileManager+VPNProfile.swift in Sources */,
				431797611A9E2B7B0067C23A /* DetailViewController.swift in Sources */,
				3F70DD4C5D284ED3C3EDB288 /* KeyChainWrapper+VPNProfile.swift in Sources */,
			);
			runOnlyForDeploymentPostprocessing = 0;
		};
		43ED613F1A0E6D2F00071270 /* Sources */ = {
			isa = PBXSourcesBuildPhase;
			buildActionMask = 2147483647;
			files = (
				43ED614A1A0E6D2F00071270 /* LaunchyTests.swift in Sources */,
				43ED61571A0E746100071270 /* KeyChainTests.swift in Sources */,
			);
			runOnlyForDeploymentPostprocessing = 0;
		};
		43FAEE561A6AABD500B026E7 /* Sources */ = {
			isa = PBXSourcesBuildPhase;
			buildActionMask = 2147483647;
			files = (
				43C985FF1A98EAFE0077E0C6 /* VPNProfile.xcdatamodeld in Sources */,
				43C985BF1A98CE730077E0C6 /* VPNProfile.swift in Sources */,
				4303C4A81A7FE0F400C2DC43 /* KeychainWrapper.swift in Sources */,
				4303C48A1A7FDCFC00C2DC43 /* TodayViewController.swift in Sources */,
				43C986031A99777E0077E0C6 /* VPNProfileManager.swift in Sources */,
				4303C4891A7FDCF500C2DC43 /* VPNManagerHelper.swift in Sources */,
				3F70DFDB3162E8C7503A5FEC /* VPNProfileManager+VPNProfile.swift in Sources */,
				3F70D2052FDBFB98C14987F4 /* KeyChainWrapper+VPNProfile.swift in Sources */,
			);
			runOnlyForDeploymentPostprocessing = 0;
		};
/* End PBXSourcesBuildPhase section */

/* Begin PBXTargetDependency section */
		43ED61451A0E6D2F00071270 /* PBXTargetDependency */ = {
			isa = PBXTargetDependency;
			target = 43ED612D1A0E6D2F00071270 /* Launchy */;
			targetProxy = 43ED61441A0E6D2F00071270 /* PBXContainerItemProxy */;
		};
		43FAEE641A6AABD500B026E7 /* PBXTargetDependency */ = {
			isa = PBXTargetDependency;
			target = 43FAEE591A6AABD500B026E7 /* VPNSwitcher */;
			targetProxy = 43FAEE631A6AABD500B026E7 /* PBXContainerItemProxy */;
		};
/* End PBXTargetDependency section */

/* Begin PBXVariantGroup section */
		43ED613C1A0E6D2F00071270 /* LaunchScreen.xib */ = {
			isa = PBXVariantGroup;
			children = (
				43ED613D1A0E6D2F00071270 /* Base */,
			);
			name = LaunchScreen.xib;
			sourceTree = "<group>";
		};
/* End PBXVariantGroup section */

/* Begin XCBuildConfiguration section */
		43ED614B1A0E6D2F00071270 /* Debug */ = {
			isa = XCBuildConfiguration;
			buildSettings = {
				ALWAYS_SEARCH_USER_PATHS = NO;
				CLANG_CXX_LANGUAGE_STANDARD = "gnu++0x";
				CLANG_CXX_LIBRARY = "libc++";
				CLANG_ENABLE_MODULES = YES;
				CLANG_ENABLE_OBJC_ARC = YES;
				CLANG_WARN_BOOL_CONVERSION = YES;
				CLANG_WARN_CONSTANT_CONVERSION = YES;
				CLANG_WARN_DIRECT_OBJC_ISA_USAGE = YES_ERROR;
				CLANG_WARN_EMPTY_BODY = YES;
				CLANG_WARN_ENUM_CONVERSION = YES;
				CLANG_WARN_INT_CONVERSION = YES;
				CLANG_WARN_OBJC_ROOT_CLASS = YES_ERROR;
				CLANG_WARN_UNREACHABLE_CODE = YES;
				CLANG_WARN__DUPLICATE_METHOD_MATCH = YES;
				"CODE_SIGN_IDENTITY[sdk=iphoneos*]" = "iPhone Developer";
				COPY_PHASE_STRIP = NO;
				ENABLE_STRICT_OBJC_MSGSEND = YES;
				GCC_C_LANGUAGE_STANDARD = gnu99;
				GCC_DYNAMIC_NO_PIC = NO;
				GCC_OPTIMIZATION_LEVEL = 0;
				GCC_PREPROCESSOR_DEFINITIONS = (
					"DEBUG=1",
					"$(inherited)",
				);
				GCC_SYMBOLS_PRIVATE_EXTERN = NO;
				GCC_WARN_64_TO_32_BIT_CONVERSION = YES;
				GCC_WARN_ABOUT_RETURN_TYPE = YES_ERROR;
				GCC_WARN_UNDECLARED_SELECTOR = YES;
				GCC_WARN_UNINITIALIZED_AUTOS = YES_AGGRESSIVE;
				GCC_WARN_UNUSED_FUNCTION = YES;
				GCC_WARN_UNUSED_VARIABLE = YES;
				IPHONEOS_DEPLOYMENT_TARGET = 8.1;
				MTL_ENABLE_DEBUG_INFO = YES;
				ONLY_ACTIVE_ARCH = YES;
				SDKROOT = iphoneos;
				SWIFT_OPTIMIZATION_LEVEL = "-Onone";
			};
			name = Debug;
		};
		43ED614C1A0E6D2F00071270 /* Release */ = {
			isa = XCBuildConfiguration;
			buildSettings = {
				ALWAYS_SEARCH_USER_PATHS = NO;
				CLANG_CXX_LANGUAGE_STANDARD = "gnu++0x";
				CLANG_CXX_LIBRARY = "libc++";
				CLANG_ENABLE_MODULES = YES;
				CLANG_ENABLE_OBJC_ARC = YES;
				CLANG_WARN_BOOL_CONVERSION = YES;
				CLANG_WARN_CONSTANT_CONVERSION = YES;
				CLANG_WARN_DIRECT_OBJC_ISA_USAGE = YES_ERROR;
				CLANG_WARN_EMPTY_BODY = YES;
				CLANG_WARN_ENUM_CONVERSION = YES;
				CLANG_WARN_INT_CONVERSION = YES;
				CLANG_WARN_OBJC_ROOT_CLASS = YES_ERROR;
				CLANG_WARN_UNREACHABLE_CODE = YES;
				CLANG_WARN__DUPLICATE_METHOD_MATCH = YES;
				"CODE_SIGN_IDENTITY[sdk=iphoneos*]" = "iPhone Developer";
				COPY_PHASE_STRIP = YES;
				ENABLE_NS_ASSERTIONS = NO;
				ENABLE_STRICT_OBJC_MSGSEND = YES;
				GCC_C_LANGUAGE_STANDARD = gnu99;
				GCC_WARN_64_TO_32_BIT_CONVERSION = YES;
				GCC_WARN_ABOUT_RETURN_TYPE = YES_ERROR;
				GCC_WARN_UNDECLARED_SELECTOR = YES;
				GCC_WARN_UNINITIALIZED_AUTOS = YES_AGGRESSIVE;
				GCC_WARN_UNUSED_FUNCTION = YES;
				GCC_WARN_UNUSED_VARIABLE = YES;
				IPHONEOS_DEPLOYMENT_TARGET = 8.1;
				MTL_ENABLE_DEBUG_INFO = NO;
				SDKROOT = iphoneos;
				VALIDATE_PRODUCT = YES;
			};
			name = Release;
		};
		43ED614E1A0E6D2F00071270 /* Debug */ = {
			isa = XCBuildConfiguration;
			buildSettings = {
				ASSETCATALOG_COMPILER_APPICON_NAME = AppIcon;
				CODE_SIGN_ENTITLEMENTS = Launchy/Launchy.entitlements;
				CODE_SIGN_IDENTITY = "iPhone Developer";
				"CODE_SIGN_IDENTITY[sdk=iphoneos*]" = "iPhone Developer";
				EMBEDDED_CONTENT_CONTAINS_SWIFT = YES;
				INFOPLIST_FILE = Launchy/Info.plist;
				LD_RUNPATH_SEARCH_PATHS = "$(inherited) @executable_path/Frameworks";
				PRODUCT_NAME = "$(TARGET_NAME)";
				PROVISIONING_PROFILE = "";
			};
			name = Debug;
		};
		43ED614F1A0E6D2F00071270 /* Release */ = {
			isa = XCBuildConfiguration;
			buildSettings = {
				ASSETCATALOG_COMPILER_APPICON_NAME = AppIcon;
				CODE_SIGN_ENTITLEMENTS = Launchy/Launchy.entitlements;
				CODE_SIGN_IDENTITY = "iPhone Developer";
				"CODE_SIGN_IDENTITY[sdk=iphoneos*]" = "iPhone Developer";
				EMBEDDED_CONTENT_CONTAINS_SWIFT = YES;
				INFOPLIST_FILE = Launchy/Info.plist;
				LD_RUNPATH_SEARCH_PATHS = "$(inherited) @executable_path/Frameworks";
				PRODUCT_NAME = "$(TARGET_NAME)";
				PROVISIONING_PROFILE = "";
			};
			name = Release;
		};
		43ED61511A0E6D2F00071270 /* Debug */ = {
			isa = XCBuildConfiguration;
			buildSettings = {
				BUNDLE_LOADER = "$(TEST_HOST)";
				FRAMEWORK_SEARCH_PATHS = (
					"$(SDKROOT)/Developer/Library/Frameworks",
					"$(inherited)",
				);
				GCC_PREPROCESSOR_DEFINITIONS = (
					"DEBUG=1",
					"$(inherited)",
				);
				INFOPLIST_FILE = LaunchyTests/Info.plist;
				LD_RUNPATH_SEARCH_PATHS = "$(inherited) @executable_path/Frameworks @loader_path/Frameworks";
				PRODUCT_NAME = "$(TARGET_NAME)";
				TEST_HOST = "$(BUILT_PRODUCTS_DIR)/Launchy.app/Launchy";
			};
			name = Debug;
		};
		43ED61521A0E6D2F00071270 /* Release */ = {
			isa = XCBuildConfiguration;
			buildSettings = {
				BUNDLE_LOADER = "$(TEST_HOST)";
				FRAMEWORK_SEARCH_PATHS = (
					"$(SDKROOT)/Developer/Library/Frameworks",
					"$(inherited)",
				);
				INFOPLIST_FILE = LaunchyTests/Info.plist;
				LD_RUNPATH_SEARCH_PATHS = "$(inherited) @executable_path/Frameworks @loader_path/Frameworks";
				PRODUCT_NAME = "$(TARGET_NAME)";
				TEST_HOST = "$(BUILT_PRODUCTS_DIR)/Launchy.app/Launchy";
			};
			name = Release;
		};
		43FAEE671A6AABD500B026E7 /* Debug */ = {
			isa = XCBuildConfiguration;
			buildSettings = {
				CODE_SIGN_ENTITLEMENTS = VPNSwitcher/VPNSwitcher.entitlements;
				CODE_SIGN_IDENTITY = "iPhone Developer";
				"CODE_SIGN_IDENTITY[sdk=iphoneos*]" = "iPhone Developer";
				GCC_PREPROCESSOR_DEFINITIONS = (
					"DEBUG=1",
					"$(inherited)",
				);
				INFOPLIST_FILE = VPNSwitcher/Info.plist;
				LD_RUNPATH_SEARCH_PATHS = "$(inherited) @executable_path/Frameworks @executable_path/../../Frameworks";
				PRODUCT_NAME = "$(TARGET_NAME)";
				PROVISIONING_PROFILE = "";
				SKIP_INSTALL = YES;
			};
			name = Debug;
		};
		43FAEE681A6AABD500B026E7 /* Release */ = {
			isa = XCBuildConfiguration;
			buildSettings = {
				CODE_SIGN_ENTITLEMENTS = VPNSwitcher/VPNSwitcher.entitlements;
				CODE_SIGN_IDENTITY = "iPhone Developer";
				"CODE_SIGN_IDENTITY[sdk=iphoneos*]" = "iPhone Developer";
				INFOPLIST_FILE = VPNSwitcher/Info.plist;
				LD_RUNPATH_SEARCH_PATHS = "$(inherited) @executable_path/Frameworks @executable_path/../../Frameworks";
				PRODUCT_NAME = "$(TARGET_NAME)";
				PROVISIONING_PROFILE = "";
				SKIP_INSTALL = YES;
			};
			name = Release;
		};
/* End XCBuildConfiguration section */

/* Begin XCConfigurationList section */
		43ED61291A0E6D2F00071270 /* Build configuration list for PBXProject "Launchy" */ = {
			isa = XCConfigurationList;
			buildConfigurations = (
				43ED614B1A0E6D2F00071270 /* Debug */,
				43ED614C1A0E6D2F00071270 /* Release */,
			);
			defaultConfigurationIsVisible = 0;
			defaultConfigurationName = Release;
		};
		43ED614D1A0E6D2F00071270 /* Build configuration list for PBXNativeTarget "Launchy" */ = {
			isa = XCConfigurationList;
			buildConfigurations = (
				43ED614E1A0E6D2F00071270 /* Debug */,
				43ED614F1A0E6D2F00071270 /* Release */,
			);
			defaultConfigurationIsVisible = 0;
			defaultConfigurationName = Release;
		};
		43ED61501A0E6D2F00071270 /* Build configuration list for PBXNativeTarget "LaunchyTests" */ = {
			isa = XCConfigurationList;
			buildConfigurations = (
				43ED61511A0E6D2F00071270 /* Debug */,
				43ED61521A0E6D2F00071270 /* Release */,
			);
			defaultConfigurationIsVisible = 0;
			defaultConfigurationName = Release;
		};
		43FAEE661A6AABD500B026E7 /* Build configuration list for PBXNativeTarget "VPNSwitcher" */ = {
			isa = XCConfigurationList;
			buildConfigurations = (
				43FAEE671A6AABD500B026E7 /* Debug */,
				43FAEE681A6AABD500B026E7 /* Release */,
			);
			defaultConfigurationIsVisible = 0;
			defaultConfigurationName = Release;
		};
/* End XCConfigurationList section */

/* Begin XCVersionGroup section */
		43C985F41A98E08E0077E0C6 /* VPNProfile.xcdatamodeld */ = {
			isa = XCVersionGroup;
			children = (
				43C985F51A98E08E0077E0C6 /* VPNProfile.xcdatamodel */,
			);
			currentVersion = 43C985F51A98E08E0077E0C6 /* VPNProfile.xcdatamodel */;
			name = VPNProfile.xcdatamodeld;
			path = Models/VPNProfile.xcdatamodeld;
			sourceTree = "<group>";
			versionGroupType = wrapper.xcdatamodel;
		};
/* End XCVersionGroup section */
	};
	rootObject = 43ED61261A0E6D2F00071270 /* Project object */;
}
